
Microsoft Visual Studio Solution File, Format Version 12.00
# Visual Studio 15
VisualStudioVersion = 15.0.28307.421
MinimumVisualStudioVersion = 10.0.40219.1
Project("{FAE04EC0-301F-11D3-BF4B-00C04F79EFBC}") = "Code_Shenon_Fano", "Code_Shenon_Fano\Code_Shenon_Fano.csproj", "{41D404EA-9962-4763-8394-4E6C4760198F}"
EndProject
Global
	GlobalSection(SolutionConfigurationPlatforms) = preSolution
		Debug|Any CPU = Debug|Any CPU
		Release|Any CPU = Release|Any CPU
	EndGlobalSection
	GlobalSection(ProjectConfigurationPlatforms) = postSolution
		{41D404EA-9962-4763-8394-4E6C4760198F}.Debug|Any CPU.ActiveCfg = Debug|Any CPU
		{41D404EA-9962-4763-8394-4E6C4760198F}.Debug|Any CPU.Build.0 = Debug|Any CPU
		{41D404EA-9962-4763-8394-4E6C4760198F}.Release|Any CPU.ActiveCfg = Release|Any CPU
		{41D404EA-9962-4763-8394-4E6C4760198F}.Release|Any CPU.Build.0 = Release|Any CPU
	EndGlobalSection
	GlobalSection(SolutionProperties) = preSolution
		HideSolutionNode = FALSE
	EndGlobalSection
	GlobalSection(ExtensibilityGlobals) = postSolution
		SolutionGuid = {B7E9FD7D-47D9-45BF-91A8-22374B708BC4}
	EndGlobalSection
EndGlobal
