
Microsoft Visual Studio Solution File, Format Version 12.00
# Visual Studio 15
VisualStudioVersion = 15.0.28307.421
MinimumVisualStudioVersion = 10.0.40219.1
Project("{FAE04EC0-301F-11D3-BF4B-00C04F79EFBC}") = "Naga_CODE", "Naga_CODE\Naga_CODE.csproj", "{0A6441A2-5B03-496E-8550-174AB0EA2A6E}"
EndProject
Global
	GlobalSection(SolutionConfigurationPlatforms) = preSolution
		Debug|Any CPU = Debug|Any CPU
		Release|Any CPU = Release|Any CPU
	EndGlobalSection
	GlobalSection(ProjectConfigurationPlatforms) = postSolution
		{0A6441A2-5B03-496E-8550-174AB0EA2A6E}.Debug|Any CPU.ActiveCfg = Debug|Any CPU
		{0A6441A2-5B03-496E-8550-174AB0EA2A6E}.Debug|Any CPU.Build.0 = Debug|Any CPU
		{0A6441A2-5B03-496E-8550-174AB0EA2A6E}.Release|Any CPU.ActiveCfg = Release|Any CPU
		{0A6441A2-5B03-496E-8550-174AB0EA2A6E}.Release|Any CPU.Build.0 = Release|Any CPU
	EndGlobalSection
	GlobalSection(SolutionProperties) = preSolution
		HideSolutionNode = FALSE
	EndGlobalSection
	GlobalSection(ExtensibilityGlobals) = postSolution
		SolutionGuid = {62C289E0-B7A4-470D-9391-91F4B613757C}
	EndGlobalSection
EndGlobal
