
Microsoft Visual Studio Solution File, Format Version 12.00
# Visual Studio 15
VisualStudioVersion = 15.0.28307.421
MinimumVisualStudioVersion = 10.0.40219.1
Project("{FAE04EC0-301F-11D3-BF4B-00C04F79EFBC}") = "Unarn_Code", "Unarn_Code\Unarn_Code.csproj", "{35C7C87F-1337-4806-8E1D-7700E492D358}"
EndProject
Global
	GlobalSection(SolutionConfigurationPlatforms) = preSolution
		Debug|Any CPU = Debug|Any CPU
		Release|Any CPU = Release|Any CPU
	EndGlobalSection
	GlobalSection(ProjectConfigurationPlatforms) = postSolution
		{35C7C87F-1337-4806-8E1D-7700E492D358}.Debug|Any CPU.ActiveCfg = Debug|Any CPU
		{35C7C87F-1337-4806-8E1D-7700E492D358}.Debug|Any CPU.Build.0 = Debug|Any CPU
		{35C7C87F-1337-4806-8E1D-7700E492D358}.Release|Any CPU.ActiveCfg = Release|Any CPU
		{35C7C87F-1337-4806-8E1D-7700E492D358}.Release|Any CPU.Build.0 = Release|Any CPU
	EndGlobalSection
	GlobalSection(SolutionProperties) = preSolution
		HideSolutionNode = FALSE
	EndGlobalSection
	GlobalSection(ExtensibilityGlobals) = postSolution
		SolutionGuid = {14A015D9-8014-4181-B052-87CE93AB1139}
	EndGlobalSection
EndGlobal
